{"version":4,"terraform_version":"1.11.5","serial":4,"lineage":"44c659c2-601f-2f47-aaa6-e051ebced388","outputs":{},"resources":[{"mode":"managed","type":"proxmox_lxc","name":"minecraft_lxc","provider":"provider[\"registry.opentofu.org/telmate/proxmox\"]","instances":[{"schema_version":0,"attributes":{"arch":"amd64","bwlimit":0,"clone":"110","clone_storage":null,"cmode":"tty","console":true,"cores":4,"cpulimit":0,"cpuunits":1024,"description":"","features":[{"fuse":false,"keyctl":false,"mknod":false,"mount":"","nesting":true}],"force":false,"full":null,"hagroup":"","hastate":"","hookscript":"","hostname":"mc-star-technology","id":"pve/lxc/120","ignore_unpack_errors":false,"lock":"","memory":20480,"mountpoint":[],"nameserver":"","network":[{"bridge":"vmbr1lan","firewall":false,"gw":"","gw6":"","hwaddr":"BC:24:11:FB:D1:E2","id":0,"ip":"dhcp","ip6":"","mtu":0,"name":"eth0","rate":0,"tag":0,"trunks":"","type":"veth"}],"onboot":false,"ostemplate":null,"ostype":"ubuntu","password":null,"pool":null,"protection":false,"restore":false,"rootfs":[{"acl":false,"quota":false,"replicate":false,"ro":false,"shared":false,"size":"50G","storage":"local-lvm","volume":"local-lvm:vm-120-disk-0"}],"searchdomain":"","ssh_public_keys":null,"start":true,"startup":"","swap":0,"tags":"","target_node":"pve","template":false,"timeouts":null,"tty":2,"unique":false,"unprivileged":true,"unused":[],"vmid":null},"sensitive_attributes":[[{"type":"get_attr","value":"password"}]],"private":"eyJlMmJmYjczMC1lY2FhLTExZTYtOGY4OC0zNDM2M2JjN2M0YzAiOnsiY3JlYXRlIjoxMjAwMDAwMDAwMDAwLCJkZWZhdWx0IjoxMjAwMDAwMDAwMDAwLCJkZWxldGUiOjEyMDAwMDAwMDAwMDAsInJlYWQiOjEyMDAwMDAwMDAwMDAsInVwZGF0ZSI6MTIwMDAwMDAwMDAwMH19"}]}],"check_results":null}
