{"version":4,"terraform_version":"1.11.5","serial":27,"lineage":"44c659c2-601f-2f47-aaa6-e051ebced388","outputs":{},"resources":[{"mode":"managed","type":"proxmox_lxc","name":"minecraft_lxc","provider":"provider[\"registry.opentofu.org/telmate/proxmox\"]","instances":[{"schema_version":0,"attributes":{"arch":"amd64","bwlimit":0,"clone":"110","clone_storage":null,"cmode":"tty","console":true,"cores":4,"cpulimit":0,"cpuunits":1024,"description":"","features":[],"force":false,"full":null,"hagroup":"","hastate":"","hookscript":"","hostname":"mc-server","id":"pve/lxc/118","ignore_unpack_errors":false,"lock":"","memory":20480,"mountpoint":[],"nameserver":"","network":[{"bridge":"vmbr1lan","firewall":false,"gw":"","gw6":"","hwaddr":"BC:24:11:3A:B4:E5","id":0,"ip":"dhcp","ip6":"","mtu":0,"name":"eth0","rate":0,"tag":0,"trunks":"","type":"veth"}],"onboot":true,"ostemplate":null,"ostype":"ubuntu","password":null,"pool":null,"protection":false,"restore":false,"rootfs":[{"acl":false,"quota":false,"replicate":false,"ro":false,"shared":false,"size":"50G","storage":"local-lvm","volume":"local-lvm:vm-118-disk-0"}],"searchdomain":"","ssh_public_keys":null,"start":true,"startup":"","swap":0,"tags":"","target_node":"pve","template":false,"timeouts":null,"tty":2,"unique":false,"unprivileged":true,"unused":[],"vmid":null},"sensitive_attributes":[[{"type":"get_attr","value":"password"}]],"private":"eyJlMmJmYjczMC1lY2FhLTExZTYtOGY4OC0zNDM2M2JjN2M0YzAiOnsiY3JlYXRlIjoxMjAwMDAwMDAwMDAwLCJkZWZhdWx0IjoxMjAwMDAwMDAwMDAwLCJkZWxldGUiOjEyMDAwMDAwMDAwMDAsInJlYWQiOjEyMDAwMDAwMDAwMDAsInVwZGF0ZSI6MTIwMDAwMDAwMDAwMH19"}]},{"mode":"managed","type":"proxmox_lxc","name":"samba_lxc","provider":"provider[\"registry.opentofu.org/telmate/proxmox\"]","instances":[{"schema_version":0,"attributes":{"arch":"amd64","bwlimit":0,"clone":null,"clone_storage":null,"cmode":"tty","console":true,"cores":2,"cpulimit":0,"cpuunits":1024,"description":"","features":[],"force":false,"full":null,"hagroup":"","hastate":"","hookscript":"","hostname":"samba-server","id":"pve/lxc/119","ignore_unpack_errors":false,"lock":"","memory":2048,"mountpoint":[{"acl":false,"backup":true,"file":"vm-119-disk-1","key":"0","mp":"/srv/samba","quota":false,"replicate":false,"shared":false,"size":"100G","slot":0,"storage":"local-lvm","volume":"local-lvm:vm-119-disk-1"}],"nameserver":"","network":[{"bridge":"vmbr1lan","firewall":false,"gw":"","gw6":"","hwaddr":"BC:24:11:E0:66:28","id":0,"ip":"dhcp","ip6":"","mtu":0,"name":"eth0","rate":0,"tag":0,"trunks":"","type":"veth"}],"onboot":true,"ostemplate":"local:vztmpl/debian-13-standard_13.1-2_amd64.tar.zst","ostype":"debian","password":"techisawesome","pool":null,"protection":false,"restore":false,"rootfs":[{"acl":false,"quota":false,"replicate":false,"ro":false,"shared":false,"size":"20G","storage":"local-lvm","volume":"local-lvm:vm-119-disk-0"}],"searchdomain":"","ssh_public_keys":"ssh-ed25519 AAAAC3NzaC1lZDI1NTE5AAAAID+nh8Nwmib5blLo1W2rawfg4b6UKkrOwh9QF+3ARZRq tech@desk\n","start":true,"startup":"","swap":512,"tags":"","target_node":"pve","template":false,"timeouts":null,"tty":2,"unique":false,"unprivileged":true,"unused":[],"vmid":null},"sensitive_attributes":[[{"type":"get_attr","value":"password"}]],"private":"eyJlMmJmYjczMC1lY2FhLTExZTYtOGY4OC0zNDM2M2JjN2M0YzAiOnsiY3JlYXRlIjoxMjAwMDAwMDAwMDAwLCJkZWZhdWx0IjoxMjAwMDAwMDAwMDAwLCJkZWxldGUiOjEyMDAwMDAwMDAwMDAsInJlYWQiOjEyMDAwMDAwMDAwMDAsInVwZGF0ZSI6MTIwMDAwMDAwMDAwMH19"}]},{"mode":"managed","type":"proxmox_vm_qemu","name":"nfs_vm","provider":"provider[\"registry.opentofu.org/telmate/proxmox\"]","instances":[{"schema_version":0,"attributes":{"additional_wait":5,"agent":1,"args":"","automatic_reboot":true,"balloon":0,"bios":"seabios","boot":" ","bootdisk":"","bridge":null,"ci_wait":null,"cicustom":"","cipassword":"","ciuser":"root","clone":"coder-tmpl","clone_wait":10,"cloudinit_cdrom_storage":"","cores":2,"cpu":"host","default_ipv4_address":null,"define_connection_info":true,"desc":"\u003cdiv align='center'\u003e\n  \u003ca href='https://community-scripts.org' target='_blank' rel='noopener noreferrer'\u003e\n    \u003cimg src='https://raw.githubusercontent.com/community-scripts/ProxmoxVE/main/misc/images/logo-81x112.png' alt='Logo' style='width:81px;height:112px;'/\u003e\n  \u003c/a\u003e\n\n  \u003ch2 style='font-size: 24px; margin: 20px 0;'\u003eubuntu VM\u003c/h2\u003e\n\n  \u003cp style='margin: 16px 0;'\u003e\n    \u003ca href='https://ko-fi.com/community_scripts' target='_blank' rel='noopener noreferrer'\u003e\n      \u003cimg src='https://img.shields.io/badge/\u0026#x2615;-Buy us a coffee-blue' alt='spend Coffee' /\u003e\n    \u003c/a\u003e\n  \u003c/p\u003e\n  \n  \u003cspan style='margin: 0 10px;'\u003e\n    \u003ci class=\"fa fa-github fa-fw\" style=\"color: #f5f5f5;\"\u003e\u003c/i\u003e\n    \u003ca href='https://github.com/community-scripts/ProxmoxVE' target='_blank' rel='noopener noreferrer' style='text-decoration: none; color: #00617f;'\u003eGitHub\u003c/a\u003e\n  \u003c/span\u003e\n  \u003cspan style='margin: 0 10px;'\u003e\n    \u003ci class=\"fa fa-comments fa-fw\" style=\"color: #f5f5f5;\"\u003e\u003c/i\u003e\n    \u003ca href='https://github.com/community-scripts/ProxmoxVE/discussions' target='_blank' rel='noopener noreferrer' style='text-decoration: none; color: #00617f;'\u003eDiscussions\u003c/a\u003e\n  \u003c/span\u003e\n  \u003cspan style='margin: 0 10px;'\u003e\n    \u003ci class=\"fa fa-exclamation-circle fa-fw\" style=\"color: #f5f5f5;\"\u003e\u003c/i\u003e\n    \u003ca href='https://github.com/community-scripts/ProxmoxVE/issues' target='_blank' rel='noopener noreferrer' style='text-decoration: none; color: #00617f;'\u003eIssues\u003c/a\u003e\n  \u003c/span\u003e\n\u003c/div\u003e","disk":[],"disk_gb":null,"disks":[],"efidisk":[],"force_create":false,"force_recreate_on_change_of":null,"full_clone":true,"guest_agent_ready_timeout":100,"hagroup":"","hastate":"","hostpci":[],"hotplug":"network,disk,usb","id":"pve/qemu/104","ipconfig0":"ip=dhcp,ip6=dhcp","ipconfig1":"","ipconfig10":"","ipconfig11":"","ipconfig12":"","ipconfig13":"","ipconfig14":"","ipconfig15":"","ipconfig2":"","ipconfig3":"","ipconfig4":"","ipconfig5":"","ipconfig6":"","ipconfig7":"","ipconfig8":"","ipconfig9":"","iso":"","kvm":true,"linked_vmid":0,"mac":null,"machine":"","memory":2048,"name":"nfs-server","nameserver":"","network":[{"bridge":"vmbr1lan","firewall":false,"link_down":false,"macaddr":"2A:AC:FB:F0:77:5F","model":"virtio","mtu":0,"queues":0,"rate":0,"tag":-1}],"nic":null,"numa":false,"onboot":true,"oncreate":false,"os_network_config":null,"os_type":null,"pool":"","preprovision":true,"pxe":null,"qemu_os":"l26","reboot_required":false,"scsihw":"lsi","searchdomain":"","serial":[],"smbios":[{"family":"","manufacturer":"","product":"","serial":"","sku":"","uuid":"1b6153b0-5d8b-4803-9964-f79d0e030bd4","version":""}],"sockets":1,"ssh_forward_ip":null,"ssh_host":null,"ssh_port":null,"ssh_private_key":null,"ssh_user":null,"sshkeys":"ssh-ed25519 AAAAC3NzaC1lZDI1NTE5AAAAID+nh8Nwmib5blLo1W2rawfg4b6UKkrOwh9QF+3ARZRq tech@desk\n\n","startup":"","storage":null,"storage_type":null,"tablet":true,"tags":"","target_node":"pve","target_nodes":null,"timeouts":null,"unused_disk":[{"file":"vm-104-disk-1","slot":0,"storage":"local-lvm"}],"usb":[],"vcpus":0,"vga":[],"vlan":-1,"vm_state":"running","vmid":null},"sensitive_attributes":[[{"type":"get_attr","value":"cipassword"}],[{"type":"get_attr","value":"ssh_private_key"}]],"private":"eyJlMmJmYjczMC1lY2FhLTExZTYtOGY4OC0zNDM2M2JjN2M0YzAiOnsiY3JlYXRlIjoxMjAwMDAwMDAwMDAwLCJkZWZhdWx0IjoxMjAwMDAwMDAwMDAwLCJkZWxldGUiOjEyMDAwMDAwMDAwMDAsInJlYWQiOjEyMDAwMDAwMDAwMDAsInVwZGF0ZSI6MTIwMDAwMDAwMDAwMH19"}]}],"check_results":null}
