{"version":4,"terraform_version":"1.11.5","serial":14,"lineage":"44c659c2-601f-2f47-aaa6-e051ebced388","outputs":{},"resources":[{"mode":"managed","type":"proxmox_lxc","name":"minecraft_lxc","provider":"provider[\"registry.opentofu.org/telmate/proxmox\"]","instances":[{"schema_version":0,"attributes":{"arch":"amd64","bwlimit":0,"clone":"110","clone_storage":null,"cmode":"tty","console":true,"cores":4,"cpulimit":0,"cpuunits":1024,"description":"","features":[{"fuse":false,"keyctl":false,"mknod":false,"mount":"","nesting":true}],"force":false,"full":null,"hagroup":"","hastate":"","hookscript":"","hostname":"mc-server","id":"pve/lxc/118","ignore_unpack_errors":false,"lock":"","memory":20480,"mountpoint":[],"nameserver":"","network":[{"bridge":"vmbr1lan","firewall":false,"gw":"","gw6":"","hwaddr":"BC:24:11:3A:B4:E5","id":0,"ip":"dhcp","ip6":"","mtu":0,"name":"eth0","rate":0,"tag":0,"trunks":"","type":"veth"}],"onboot":true,"ostemplate":null,"ostype":"ubuntu","password":null,"pool":null,"protection":false,"restore":false,"rootfs":[{"acl":false,"quota":false,"replicate":false,"ro":false,"shared":false,"size":"50G","storage":"local-lvm","volume":"local-lvm:vm-118-disk-0"}],"searchdomain":"","ssh_public_keys":null,"start":true,"startup":"","swap":0,"tags":"","target_node":"pve","template":false,"timeouts":null,"tty":2,"unique":false,"unprivileged":true,"unused":[],"vmid":null},"sensitive_attributes":[[{"type":"get_attr","value":"password"}]],"private":"eyJlMmJmYjczMC1lY2FhLTExZTYtOGY4OC0zNDM2M2JjN2M0YzAiOnsiY3JlYXRlIjoxMjAwMDAwMDAwMDAwLCJkZWZhdWx0IjoxMjAwMDAwMDAwMDAwLCJkZWxldGUiOjEyMDAwMDAwMDAwMDAsInJlYWQiOjEyMDAwMDAwMDAwMDAsInVwZGF0ZSI6MTIwMDAwMDAwMDAwMH19"}]},{"mode":"managed","type":"proxmox_lxc","name":"samba_lxc","provider":"provider[\"registry.opentofu.org/telmate/proxmox\"]","instances":[{"schema_version":0,"attributes":{"arch":"amd64","bwlimit":0,"clone":null,"clone_storage":null,"cmode":"tty","console":true,"cores":2,"cpulimit":0,"cpuunits":1024,"description":"","features":[{"fuse":false,"keyctl":false,"mknod":false,"mount":"","nesting":true}],"force":false,"full":null,"hagroup":"","hastate":"","hookscript":"","hostname":"samba-server","id":"pve/lxc/119","ignore_unpack_errors":false,"lock":"","memory":2048,"mountpoint":[{"acl":false,"backup":false,"file":"vm-119-disk-1","key":"0","mp":"/srv/samba","quota":false,"replicate":false,"shared":false,"size":"100G","slot":0,"storage":"local-lvm","volume":"local-lvm:vm-119-disk-1"}],"nameserver":"","network":[{"bridge":"vmbr1lan","firewall":false,"gw":"","gw6":"","hwaddr":"BC:24:11:A2:16:F2","id":0,"ip":"dhcp","ip6":"","mtu":0,"name":"eth0","rate":0,"tag":0,"trunks":"","type":"veth"}],"onboot":true,"ostemplate":"local:vztmpl/debian-13-standard_13.1-2_amd64.tar.zst","ostype":"debian","password":"techisawesome","pool":null,"protection":false,"restore":false,"rootfs":[{"acl":false,"quota":false,"replicate":false,"ro":false,"shared":false,"size":"20G","storage":"local-lvm","volume":"local-lvm:vm-119-disk-0"}],"searchdomain":"","ssh_public_keys":"ssh-ed25519 AAAAC3NzaC1lZDI1NTE5AAAAID+nh8Nwmib5blLo1W2rawfg4b6UKkrOwh9QF+3ARZRq tech@desk\n","start":true,"startup":"","swap":512,"tags":"","target_node":"pve","template":false,"timeouts":null,"tty":2,"unique":false,"unprivileged":true,"unused":[],"vmid":null},"sensitive_attributes":[[{"type":"get_attr","value":"password"}]],"private":"eyJlMmJmYjczMC1lY2FhLTExZTYtOGY4OC0zNDM2M2JjN2M0YzAiOnsiY3JlYXRlIjoxMjAwMDAwMDAwMDAwLCJkZWZhdWx0IjoxMjAwMDAwMDAwMDAwLCJkZWxldGUiOjEyMDAwMDAwMDAwMDAsInJlYWQiOjEyMDAwMDAwMDAwMDAsInVwZGF0ZSI6MTIwMDAwMDAwMDAwMH19"}]}],"check_results":null}
